
Microsoft Visual Studio Solution File, Format Version 12.00
# Visual Studio 2012
Project("{FAE04EC0-301F-11D3-BF4B-00C04F79EFBC}") = "APK_Tool", "APK_Tool\APK_Tool.csproj", "{A384C647-4428-4238-BB65-CE450B1DF14E}"
EndProject
Global
	GlobalSection(SolutionConfigurationPlatforms) = preSolution
		Debug|Any CPU = Debug|Any CPU
		Release|Any CPU = Release|Any CPU
	EndGlobalSection
	GlobalSection(ProjectConfigurationPlatforms) = postSolution
		{A384C647-4428-4238-BB65-CE450B1DF14E}.Debug|Any CPU.ActiveCfg = Debug|Any CPU
		{A384C647-4428-4238-BB65-CE450B1DF14E}.Debug|Any CPU.Build.0 = Debug|Any CPU
		{A384C647-4428-4238-BB65-CE450B1DF14E}.Release|Any CPU.ActiveCfg = Release|Any CPU
		{A384C647-4428-4238-BB65-CE450B1DF14E}.Release|Any CPU.Build.0 = Release|Any CPU
	EndGlobalSection
	GlobalSection(SolutionProperties) = preSolution
		HideSolutionNode = FALSE
	EndGlobalSection
EndGlobal
